
Microsoft Visual Studio Solution File, Format Version 12.00
# Visual Studio 14
VisualStudioVersion = 14.0.25420.1
MinimumVisualStudioVersion = 10.0.40219.1
Project("{FAE04EC0-301F-11D3-BF4B-00C04F79EFBC}") = "Suggestion_Box", "Suggestion_Box\Suggestion_Box.csproj", "{FF6FAEB7-B755-46CA-AC48-14D6D0D7C050}"
EndProject
Global
	GlobalSection(SolutionConfigurationPlatforms) = preSolution
		Debug|Any CPU = Debug|Any CPU
		Release|Any CPU = Release|Any CPU
	EndGlobalSection
	GlobalSection(ProjectConfigurationPlatforms) = postSolution
		{FF6FAEB7-B755-46CA-AC48-14D6D0D7C050}.Debug|Any CPU.ActiveCfg = Debug|Any CPU
		{FF6FAEB7-B755-46CA-AC48-14D6D0D7C050}.Debug|Any CPU.Build.0 = Debug|Any CPU
		{FF6FAEB7-B755-46CA-AC48-14D6D0D7C050}.Release|Any CPU.ActiveCfg = Release|Any CPU
		{FF6FAEB7-B755-46CA-AC48-14D6D0D7C050}.Release|Any CPU.Build.0 = Release|Any CPU
	EndGlobalSection
	GlobalSection(SolutionProperties) = preSolution
		HideSolutionNode = FALSE
	EndGlobalSection
EndGlobal
